
Microsoft Visual Studio Solution File, Format Version 12.00
# Visual Studio Version 17
VisualStudioVersion = 17.11.35222.181
MinimumVisualStudioVersion = 10.0.40219.1
Project("{FAE04EC0-301F-11D3-BF4B-00C04F79EFBC}") = "Wpf_brickstore", "Wpf_brickstore\Wpf_brickstore.csproj", "{6C5FA05A-A830-4AFE-AAB0-EDFCC743C371}"
EndProject
Global
	GlobalSection(SolutionConfigurationPlatforms) = preSolution
		Debug|Any CPU = Debug|Any CPU
		Release|Any CPU = Release|Any CPU
	EndGlobalSection
	GlobalSection(ProjectConfigurationPlatforms) = postSolution
		{6C5FA05A-A830-4AFE-AAB0-EDFCC743C371}.Debug|Any CPU.ActiveCfg = Debug|Any CPU
		{6C5FA05A-A830-4AFE-AAB0-EDFCC743C371}.Debug|Any CPU.Build.0 = Debug|Any CPU
		{6C5FA05A-A830-4AFE-AAB0-EDFCC743C371}.Release|Any CPU.ActiveCfg = Release|Any CPU
		{6C5FA05A-A830-4AFE-AAB0-EDFCC743C371}.Release|Any CPU.Build.0 = Release|Any CPU
	EndGlobalSection
	GlobalSection(SolutionProperties) = preSolution
		HideSolutionNode = FALSE
	EndGlobalSection
	GlobalSection(ExtensibilityGlobals) = postSolution
		SolutionGuid = {31C74F9C-73BC-494A-82CA-DA5D44E981D1}
	EndGlobalSection
EndGlobal
